<?xml version="1.0" encoding="utf-8"?>
<Project ToolsVersion="4.0" xmlns="http://schemas.microsoft.com/developer/msbuild/2003">
  <ItemGroup>
    <Filter Include="win32">
      <UniqueIdentifier>{4e238e39-4781-4465-995a-9dd8733f4bc0}</UniqueIdentifier>
    </Filter>
    <Filter Include="linux">
      <UniqueIdentifier>{d91a5324-a0da-4a7a-8025-7ed0abebd8ff}</UniqueIdentifier>
    </Filter>
    <Filter Include="ios">
      <UniqueIdentifier>{d608a97b-4762-49e5-90f0-77aafd2e6e1e}</UniqueIdentifier>
    </Filter>
    <Filter Include="native">
      <UniqueIdentifier>{f562ecfb-a2b9-4905-83e8-53419d6a6f7a}</UniqueIdentifier>
    </Filter>
  </ItemGroup>
  <ItemGroup>
    <Text Include="../../src/ReadMe.txt" />
  </ItemGroup>
  <ItemGroup>
    <ClInclude Include="../../src/targetver.h" />
    <ClInclude Include="../../src/stdafx.h" />
    <ClInclude Include="../../src/Win32\StopWatch.h">
      <Filter>win32</Filter>
    </ClInclude>
  </ItemGroup>
  <ItemGroup>
    <ClCompile Include="../../src/stdafx.cpp" />
  </ItemGroup>
</Project>